
Microsoft Visual Studio Solution File, Format Version 12.00
# Visual Studio Version 17
VisualStudioVersion = 17.9.34728.123
MinimumVisualStudioVersion = 10.0.40219.1
Project("{9A19103F-16F7-4668-BE54-9A1E7A4F7556}") = "JogoDaForca", "JogoDaForca\JogoDaForca.csproj", "{B5DB387A-2D59-41EA-88CA-4799A3AC416C}"
EndProject
Project("{2150E333-8FDC-42A3-9474-1A3956D46DE8}") = "Solution Items", "Solution Items", "{8CA5F0D5-049D-4B3A-AC6E-249ACD9CC8AA}"
	ProjectSection(SolutionItems) = preProject
		Readme.md = Readme.md
	EndProjectSection
EndProject
Global
	GlobalSection(SolutionConfigurationPlatforms) = preSolution
		Debug|Any CPU = Debug|Any CPU
		Release|Any CPU = Release|Any CPU
	EndGlobalSection
	GlobalSection(ProjectConfigurationPlatforms) = postSolution
		{B5DB387A-2D59-41EA-88CA-4799A3AC416C}.Debug|Any CPU.ActiveCfg = Debug|Any CPU
		{B5DB387A-2D59-41EA-88CA-4799A3AC416C}.Debug|Any CPU.Build.0 = Debug|Any CPU
		{B5DB387A-2D59-41EA-88CA-4799A3AC416C}.Release|Any CPU.ActiveCfg = Release|Any CPU
		{B5DB387A-2D59-41EA-88CA-4799A3AC416C}.Release|Any CPU.Build.0 = Release|Any CPU
	EndGlobalSection
	GlobalSection(SolutionProperties) = preSolution
		HideSolutionNode = FALSE
	EndGlobalSection
	GlobalSection(ExtensibilityGlobals) = postSolution
		SolutionGuid = {32E95FFF-3241-4342-9DD0-CC093F939019}
	EndGlobalSection
EndGlobal
